
Microsoft Visual Studio Solution File, Format Version 12.00
# Visual Studio 14
VisualStudioVersion = 14.0.25420.1
MinimumVisualStudioVersion = 10.0.40219.1
Project("{FAE04EC0-301F-11D3-BF4B-00C04F79EFBC}") = "KTShop.Common", "KTShop.Common\KTShop.Common.csproj", "{3496F664-E9CB-4156-BAB3-CDA28115D983}"
EndProject
Project("{FAE04EC0-301F-11D3-BF4B-00C04F79EFBC}") = "KTShop.Model", "KTShop.Model\KTShop.Model.csproj", "{0071A561-2D87-4704-81CC-7D17F0806560}"
EndProject
Project("{FAE04EC0-301F-11D3-BF4B-00C04F79EFBC}") = "KTShop.Data", "KTShop.Data\KTShop.Data.csproj", "{64036E4E-2EDE-48E7-9A2E-832B2784048B}"
EndProject
Project("{FAE04EC0-301F-11D3-BF4B-00C04F79EFBC}") = "KTShop.Service", "KTShop.Service\KTShop.Service.csproj", "{99DB632C-F71A-4256-A8B8-29377E28DC9A}"
EndProject
Project("{FAE04EC0-301F-11D3-BF4B-00C04F79EFBC}") = "KTShop.UnitTest", "KTShop.UnitTest\KTShop.UnitTest.csproj", "{CA22CE46-6DBA-49C6-BAA7-EB894A2D7C69}"
EndProject
Project("{FAE04EC0-301F-11D3-BF4B-00C04F79EFBC}") = "KTShop.Web", "KTShop.Web\KTShop.Web.csproj", "{D17B2A3F-4A82-428B-B1A6-F16F5A142709}"
EndProject
Global
	GlobalSection(SolutionConfigurationPlatforms) = preSolution
		Debug|Any CPU = Debug|Any CPU
		Release|Any CPU = Release|Any CPU
	EndGlobalSection
	GlobalSection(ProjectConfigurationPlatforms) = postSolution
		{3496F664-E9CB-4156-BAB3-CDA28115D983}.Debug|Any CPU.ActiveCfg = Debug|Any CPU
		{3496F664-E9CB-4156-BAB3-CDA28115D983}.Debug|Any CPU.Build.0 = Debug|Any CPU
		{3496F664-E9CB-4156-BAB3-CDA28115D983}.Release|Any CPU.ActiveCfg = Release|Any CPU
		{3496F664-E9CB-4156-BAB3-CDA28115D983}.Release|Any CPU.Build.0 = Release|Any CPU
		{0071A561-2D87-4704-81CC-7D17F0806560}.Debug|Any CPU.ActiveCfg = Debug|Any CPU
		{0071A561-2D87-4704-81CC-7D17F0806560}.Debug|Any CPU.Build.0 = Debug|Any CPU
		{0071A561-2D87-4704-81CC-7D17F0806560}.Release|Any CPU.ActiveCfg = Release|Any CPU
		{0071A561-2D87-4704-81CC-7D17F0806560}.Release|Any CPU.Build.0 = Release|Any CPU
		{64036E4E-2EDE-48E7-9A2E-832B2784048B}.Debug|Any CPU.ActiveCfg = Debug|Any CPU
		{64036E4E-2EDE-48E7-9A2E-832B2784048B}.Debug|Any CPU.Build.0 = Debug|Any CPU
		{64036E4E-2EDE-48E7-9A2E-832B2784048B}.Release|Any CPU.ActiveCfg = Release|Any CPU
		{64036E4E-2EDE-48E7-9A2E-832B2784048B}.Release|Any CPU.Build.0 = Release|Any CPU
		{99DB632C-F71A-4256-A8B8-29377E28DC9A}.Debug|Any CPU.ActiveCfg = Debug|Any CPU
		{99DB632C-F71A-4256-A8B8-29377E28DC9A}.Debug|Any CPU.Build.0 = Debug|Any CPU
		{99DB632C-F71A-4256-A8B8-29377E28DC9A}.Release|Any CPU.ActiveCfg = Release|Any CPU
		{99DB632C-F71A-4256-A8B8-29377E28DC9A}.Release|Any CPU.Build.0 = Release|Any CPU
		{CA22CE46-6DBA-49C6-BAA7-EB894A2D7C69}.Debug|Any CPU.ActiveCfg = Debug|Any CPU
		{CA22CE46-6DBA-49C6-BAA7-EB894A2D7C69}.Debug|Any CPU.Build.0 = Debug|Any CPU
		{CA22CE46-6DBA-49C6-BAA7-EB894A2D7C69}.Release|Any CPU.ActiveCfg = Release|Any CPU
		{CA22CE46-6DBA-49C6-BAA7-EB894A2D7C69}.Release|Any CPU.Build.0 = Release|Any CPU
		{D17B2A3F-4A82-428B-B1A6-F16F5A142709}.Debug|Any CPU.ActiveCfg = Debug|Any CPU
		{D17B2A3F-4A82-428B-B1A6-F16F5A142709}.Debug|Any CPU.Build.0 = Debug|Any CPU
		{D17B2A3F-4A82-428B-B1A6-F16F5A142709}.Release|Any CPU.ActiveCfg = Release|Any CPU
		{D17B2A3F-4A82-428B-B1A6-F16F5A142709}.Release|Any CPU.Build.0 = Release|Any CPU
	EndGlobalSection
	GlobalSection(SolutionProperties) = preSolution
		HideSolutionNode = FALSE
	EndGlobalSection
EndGlobal
